
Microsoft Visual Studio Solution File, Format Version 12.00
# Visual Studio Version 17
VisualStudioVersion = 17.7.34024.191
MinimumVisualStudioVersion = 10.0.40219.1
Project("{FAE04EC0-301F-11D3-BF4B-00C04F79EFBC}") = "MISA.WebFresher072023.Demo", "MISA.WebFresher072023.Demo\MISA.WebFresher072023.Demo.csproj", "{A676CCF4-A6B1-4E47-A9F9-9E80EE004C4D}"
EndProject
Global
	GlobalSection(SolutionConfigurationPlatforms) = preSolution
		Debug|Any CPU = Debug|Any CPU
		Release|Any CPU = Release|Any CPU
	EndGlobalSection
	GlobalSection(ProjectConfigurationPlatforms) = postSolution
		{A676CCF4-A6B1-4E47-A9F9-9E80EE004C4D}.Debug|Any CPU.ActiveCfg = Debug|Any CPU
		{A676CCF4-A6B1-4E47-A9F9-9E80EE004C4D}.Debug|Any CPU.Build.0 = Debug|Any CPU
		{A676CCF4-A6B1-4E47-A9F9-9E80EE004C4D}.Release|Any CPU.ActiveCfg = Release|Any CPU
		{A676CCF4-A6B1-4E47-A9F9-9E80EE004C4D}.Release|Any CPU.Build.0 = Release|Any CPU
	EndGlobalSection
	GlobalSection(SolutionProperties) = preSolution
		HideSolutionNode = FALSE
	EndGlobalSection
	GlobalSection(ExtensibilityGlobals) = postSolution
		SolutionGuid = {BDE92261-260F-488F-8AD2-4673E6573D38}
	EndGlobalSection
EndGlobal
