
Microsoft Visual Studio Solution File, Format Version 12.00
# Visual Studio Version 17
VisualStudioVersion = 17.3.32929.385
MinimumVisualStudioVersion = 10.0.40219.1
Project("{FAE04EC0-301F-11D3-BF4B-00C04F79EFBC}") = "MISA.Web202307", "MISA.Web202307\MISA.Web202307.csproj", "{FBF9CB3E-6BF8-44EA-BC82-E7BE43B0CF8D}"
EndProject
Global
	GlobalSection(SolutionConfigurationPlatforms) = preSolution
		Debug|Any CPU = Debug|Any CPU
		Release|Any CPU = Release|Any CPU
	EndGlobalSection
	GlobalSection(ProjectConfigurationPlatforms) = postSolution
		{FBF9CB3E-6BF8-44EA-BC82-E7BE43B0CF8D}.Debug|Any CPU.ActiveCfg = Debug|Any CPU
		{FBF9CB3E-6BF8-44EA-BC82-E7BE43B0CF8D}.Debug|Any CPU.Build.0 = Debug|Any CPU
		{FBF9CB3E-6BF8-44EA-BC82-E7BE43B0CF8D}.Release|Any CPU.ActiveCfg = Release|Any CPU
		{FBF9CB3E-6BF8-44EA-BC82-E7BE43B0CF8D}.Release|Any CPU.Build.0 = Release|Any CPU
	EndGlobalSection
	GlobalSection(SolutionProperties) = preSolution
		HideSolutionNode = FALSE
	EndGlobalSection
	GlobalSection(ExtensibilityGlobals) = postSolution
		SolutionGuid = {722A586B-9A3C-4345-BEB7-4EF3BD73FE66}
	EndGlobalSection
EndGlobal
