
Microsoft Visual Studio Solution File, Format Version 12.00
# Visual Studio Version 17
VisualStudioVersion = 17.7.34018.315
MinimumVisualStudioVersion = 10.0.40219.1
Project("{9A19103F-16F7-4668-BE54-9A1E7A4F7556}") = "MISA.Web07.Api", "MISA.Web07.Api\MISA.Web07.Api.csproj", "{B173BDD9-C798-4CAF-9045-37CE847BAFF2}"
EndProject
Project("{9A19103F-16F7-4668-BE54-9A1E7A4F7556}") = "MISA.Web07.Core", "MISA.Web07.Core\MISA.Web07.Core.csproj", "{814FB22C-55BE-46A4-81A4-DC0DDEC5997B}"
EndProject
Project("{9A19103F-16F7-4668-BE54-9A1E7A4F7556}") = "Infrastructure", "Infrastructure\Infrastructure.csproj", "{4BBFD1F0-A7D3-435D-B736-6B8A1C211452}"
EndProject
Project("{2150E333-8FDC-42A3-9474-1A3956D46DE8}") = "Solution Items", "Solution Items", "{8601C6C3-1628-4EFE-9A83-B60D50EFB0F5}"
	ProjectSection(SolutionItems) = preProject
		.editorconfig = .editorconfig
	EndProjectSection
EndProject
Global
	GlobalSection(SolutionConfigurationPlatforms) = preSolution
		Debug|Any CPU = Debug|Any CPU
		Release|Any CPU = Release|Any CPU
	EndGlobalSection
	GlobalSection(ProjectConfigurationPlatforms) = postSolution
		{B173BDD9-C798-4CAF-9045-37CE847BAFF2}.Debug|Any CPU.ActiveCfg = Debug|Any CPU
		{B173BDD9-C798-4CAF-9045-37CE847BAFF2}.Debug|Any CPU.Build.0 = Debug|Any CPU
		{B173BDD9-C798-4CAF-9045-37CE847BAFF2}.Release|Any CPU.ActiveCfg = Release|Any CPU
		{B173BDD9-C798-4CAF-9045-37CE847BAFF2}.Release|Any CPU.Build.0 = Release|Any CPU
		{814FB22C-55BE-46A4-81A4-DC0DDEC5997B}.Debug|Any CPU.ActiveCfg = Debug|Any CPU
		{814FB22C-55BE-46A4-81A4-DC0DDEC5997B}.Debug|Any CPU.Build.0 = Debug|Any CPU
		{814FB22C-55BE-46A4-81A4-DC0DDEC5997B}.Release|Any CPU.ActiveCfg = Release|Any CPU
		{814FB22C-55BE-46A4-81A4-DC0DDEC5997B}.Release|Any CPU.Build.0 = Release|Any CPU
		{4BBFD1F0-A7D3-435D-B736-6B8A1C211452}.Debug|Any CPU.ActiveCfg = Debug|Any CPU
		{4BBFD1F0-A7D3-435D-B736-6B8A1C211452}.Debug|Any CPU.Build.0 = Debug|Any CPU
		{4BBFD1F0-A7D3-435D-B736-6B8A1C211452}.Release|Any CPU.ActiveCfg = Release|Any CPU
		{4BBFD1F0-A7D3-435D-B736-6B8A1C211452}.Release|Any CPU.Build.0 = Release|Any CPU
	EndGlobalSection
	GlobalSection(SolutionProperties) = preSolution
		HideSolutionNode = FALSE
	EndGlobalSection
	GlobalSection(ExtensibilityGlobals) = postSolution
		SolutionGuid = {EFC36A02-41BA-4227-8A1D-E7976F172483}
	EndGlobalSection
EndGlobal
